
Microsoft Visual Studio Solution File, Format Version 12.00
# Visual Studio 2013
VisualStudioVersion = 12.0.30501.0
MinimumVisualStudioVersion = 10.0.40219.1
Project("{8BC9CEB8-8B4A-11D0-8D11-00A0C91BC942}") = "HIST_cpp", "HIST_cpp\HIST_cpp.vcxproj", "{954424CC-0C34-49C9-9350-7A895FCC7449}"
EndProject
Project("{8BC9CEB8-8B4A-11D0-8D11-00A0C91BC942}") = "oving1_oppgave1", "oving1_oppgave1\oving1_oppgave1.vcxproj", "{61FF42FD-3419-41A6-9322-F1EFD66E42ED}"
EndProject
Project("{8BC9CEB8-8B4A-11D0-8D11-00A0C91BC942}") = "oving1_oppgave2", "oving1_oppgave2\oving1_oppgave2.vcxproj", "{814B7EB1-4120-4464-BFCC-D084E8A3BE9A}"
EndProject
Project("{2150E333-8FDC-42A3-9474-1A3956D46DE8}") = "Solution Items", "Solution Items", "{F408BF99-DC07-4D17-8C52-C9628998E732}"
	ProjectSection(SolutionItems) = preProject
		oppgave3.txt = oppgave3.txt
	EndProjectSection
EndProject
Global
	GlobalSection(SolutionConfigurationPlatforms) = preSolution
		Debug|Win32 = Debug|Win32
		Release|Win32 = Release|Win32
	EndGlobalSection
	GlobalSection(ProjectConfigurationPlatforms) = postSolution
		{954424CC-0C34-49C9-9350-7A895FCC7449}.Debug|Win32.ActiveCfg = Debug|Win32
		{954424CC-0C34-49C9-9350-7A895FCC7449}.Debug|Win32.Build.0 = Debug|Win32
		{954424CC-0C34-49C9-9350-7A895FCC7449}.Release|Win32.ActiveCfg = Release|Win32
		{954424CC-0C34-49C9-9350-7A895FCC7449}.Release|Win32.Build.0 = Release|Win32
		{61FF42FD-3419-41A6-9322-F1EFD66E42ED}.Debug|Win32.ActiveCfg = Debug|Win32
		{61FF42FD-3419-41A6-9322-F1EFD66E42ED}.Debug|Win32.Build.0 = Debug|Win32
		{61FF42FD-3419-41A6-9322-F1EFD66E42ED}.Release|Win32.ActiveCfg = Release|Win32
		{61FF42FD-3419-41A6-9322-F1EFD66E42ED}.Release|Win32.Build.0 = Release|Win32
		{814B7EB1-4120-4464-BFCC-D084E8A3BE9A}.Debug|Win32.ActiveCfg = Debug|Win32
		{814B7EB1-4120-4464-BFCC-D084E8A3BE9A}.Debug|Win32.Build.0 = Debug|Win32
		{814B7EB1-4120-4464-BFCC-D084E8A3BE9A}.Release|Win32.ActiveCfg = Release|Win32
		{814B7EB1-4120-4464-BFCC-D084E8A3BE9A}.Release|Win32.Build.0 = Release|Win32
	EndGlobalSection
	GlobalSection(SolutionProperties) = preSolution
		HideSolutionNode = FALSE
	EndGlobalSection
EndGlobal
